
Microsoft Visual Studio Solution File, Format Version 12.00
# Visual Studio Version 16
VisualStudioVersion = 16.0.30717.126
MinimumVisualStudioVersion = 10.0.40219.1
Project("{FAE04EC0-301F-11D3-BF4B-00C04F79EFBC}") = "MasswordPanager", "MasswordPanager.csproj", "{E7002C88-86F0-4CF4-B09D-64805A2D602E}"
EndProject
Global
	GlobalSection(SolutionConfigurationPlatforms) = preSolution
		Debug|Any CPU = Debug|Any CPU
		Release|Any CPU = Release|Any CPU
	EndGlobalSection
	GlobalSection(ProjectConfigurationPlatforms) = postSolution
		{E7002C88-86F0-4CF4-B09D-64805A2D602E}.Debug|Any CPU.ActiveCfg = Debug|Any CPU
		{E7002C88-86F0-4CF4-B09D-64805A2D602E}.Debug|Any CPU.Build.0 = Debug|Any CPU
		{E7002C88-86F0-4CF4-B09D-64805A2D602E}.Release|Any CPU.ActiveCfg = Release|Any CPU
		{E7002C88-86F0-4CF4-B09D-64805A2D602E}.Release|Any CPU.Build.0 = Release|Any CPU
	EndGlobalSection
	GlobalSection(SolutionProperties) = preSolution
		HideSolutionNode = FALSE
	EndGlobalSection
	GlobalSection(ExtensibilityGlobals) = postSolution
		SolutionGuid = {3C4E35F6-5E2E-428E-8F49-98AC449D4808}
	EndGlobalSection
EndGlobal
